
Microsoft Visual Studio Solution File, Format Version 12.00
# Visual Studio Version 17
VisualStudioVersion = 17.4.33110.190
MinimumVisualStudioVersion = 10.0.40219.1
Project("{9A19103F-16F7-4668-BE54-9A1E7A4F7556}") = "App", "App.csproj", "{9191C6FE-DF60-4421-B6F2-A0893A4BDEDA}"
EndProject
Global
	GlobalSection(SolutionConfigurationPlatforms) = preSolution
		Debug|Any CPU = Debug|Any CPU
		Release|Any CPU = Release|Any CPU
	EndGlobalSection
	GlobalSection(ProjectConfigurationPlatforms) = postSolution
		{9191C6FE-DF60-4421-B6F2-A0893A4BDEDA}.Debug|Any CPU.ActiveCfg = Debug|Any CPU
		{9191C6FE-DF60-4421-B6F2-A0893A4BDEDA}.Debug|Any CPU.Build.0 = Debug|Any CPU
		{9191C6FE-DF60-4421-B6F2-A0893A4BDEDA}.Release|Any CPU.ActiveCfg = Release|Any CPU
		{9191C6FE-DF60-4421-B6F2-A0893A4BDEDA}.Release|Any CPU.Build.0 = Release|Any CPU
	EndGlobalSection
	GlobalSection(SolutionProperties) = preSolution
		HideSolutionNode = FALSE
	EndGlobalSection
	GlobalSection(ExtensibilityGlobals) = postSolution
		SolutionGuid = {98A950BA-65A7-43AA-B048-4CA4533B35F7}
	EndGlobalSection
EndGlobal
